
Microsoft Visual Studio Solution File, Format Version 12.00
Project("{FAE04EC0-301F-11D3-BF4B-00C04F79EFBC}") = "aclaerboOSProjectB", "aclaerboOSProjectB\aclaerboOSProjectB.csproj", "{A2F5E6D7-83B2-4BED-BAFE-204D9E2BDDF7}"
EndProject
Global
	GlobalSection(SolutionConfigurationPlatforms) = preSolution
		Debug|Any CPU = Debug|Any CPU
		Release|Any CPU = Release|Any CPU
	EndGlobalSection
	GlobalSection(ProjectConfigurationPlatforms) = postSolution
		{A2F5E6D7-83B2-4BED-BAFE-204D9E2BDDF7}.Debug|Any CPU.ActiveCfg = Debug|Any CPU
		{A2F5E6D7-83B2-4BED-BAFE-204D9E2BDDF7}.Debug|Any CPU.Build.0 = Debug|Any CPU
		{A2F5E6D7-83B2-4BED-BAFE-204D9E2BDDF7}.Release|Any CPU.ActiveCfg = Release|Any CPU
		{A2F5E6D7-83B2-4BED-BAFE-204D9E2BDDF7}.Release|Any CPU.Build.0 = Release|Any CPU
	EndGlobalSection
EndGlobal
